
Microsoft Visual Studio Solution File, Format Version 12.00
# Visual Studio Version 16
VisualStudioVersion = 16.0.30225.117
MinimumVisualStudioVersion = 10.0.40219.1
Project("{F184B08F-C81C-45F6-A57F-5ABD9991F28F}") = "Nurhayati", "Nurhayati.vbproj", "{52EDDD9D-225A-4D2E-8F52-4692A6F7030C}"
EndProject
Global
	GlobalSection(SolutionConfigurationPlatforms) = preSolution
		Debug|Any CPU = Debug|Any CPU
		Release|Any CPU = Release|Any CPU
	EndGlobalSection
	GlobalSection(ProjectConfigurationPlatforms) = postSolution
		{52EDDD9D-225A-4D2E-8F52-4692A6F7030C}.Debug|Any CPU.ActiveCfg = Debug|Any CPU
		{52EDDD9D-225A-4D2E-8F52-4692A6F7030C}.Debug|Any CPU.Build.0 = Debug|Any CPU
		{52EDDD9D-225A-4D2E-8F52-4692A6F7030C}.Release|Any CPU.ActiveCfg = Release|Any CPU
		{52EDDD9D-225A-4D2E-8F52-4692A6F7030C}.Release|Any CPU.Build.0 = Release|Any CPU
	EndGlobalSection
	GlobalSection(SolutionProperties) = preSolution
		HideSolutionNode = FALSE
	EndGlobalSection
	GlobalSection(ExtensibilityGlobals) = postSolution
		SolutionGuid = {A38CA34A-036C-4901-BB2B-8E84A845C573}
	EndGlobalSection
EndGlobal
